
Microsoft Visual Studio Solution File, Format Version 12.00
# Visual Studio Version 17
VisualStudioVersion = 17.4.33205.214
MinimumVisualStudioVersion = 10.0.40219.1
Project("{9A19103F-16F7-4668-BE54-9A1E7A4F7556}") = "UsefulExtensions", "UsefulExtensions\UsefulExtensions.csproj", "{6EEC817A-2CCA-4931-B327-F2824E2D5DA1}"
EndProject
Project("{FAE04EC0-301F-11D3-BF4B-00C04F79EFBC}") = "UsefulExtensions.Tests", "UsefulExtensions.Tests\UsefulExtensions.Tests.csproj", "{5AD84E5D-A1C9-44E8-B272-9CAF8C7F4308}"
EndProject
Global
	GlobalSection(SolutionConfigurationPlatforms) = preSolution
		Debug|Any CPU = Debug|Any CPU
		Release|Any CPU = Release|Any CPU
	EndGlobalSection
	GlobalSection(ProjectConfigurationPlatforms) = postSolution
		{6EEC817A-2CCA-4931-B327-F2824E2D5DA1}.Debug|Any CPU.ActiveCfg = Debug|Any CPU
		{6EEC817A-2CCA-4931-B327-F2824E2D5DA1}.Debug|Any CPU.Build.0 = Debug|Any CPU
		{6EEC817A-2CCA-4931-B327-F2824E2D5DA1}.Release|Any CPU.ActiveCfg = Release|Any CPU
		{6EEC817A-2CCA-4931-B327-F2824E2D5DA1}.Release|Any CPU.Build.0 = Release|Any CPU
		{5AD84E5D-A1C9-44E8-B272-9CAF8C7F4308}.Debug|Any CPU.ActiveCfg = Debug|Any CPU
		{5AD84E5D-A1C9-44E8-B272-9CAF8C7F4308}.Debug|Any CPU.Build.0 = Debug|Any CPU
		{5AD84E5D-A1C9-44E8-B272-9CAF8C7F4308}.Release|Any CPU.ActiveCfg = Release|Any CPU
		{5AD84E5D-A1C9-44E8-B272-9CAF8C7F4308}.Release|Any CPU.Build.0 = Release|Any CPU
	EndGlobalSection
	GlobalSection(SolutionProperties) = preSolution
		HideSolutionNode = FALSE
	EndGlobalSection
	GlobalSection(ExtensibilityGlobals) = postSolution
		SolutionGuid = {B03DF3C7-5E5E-40F9-8D01-7592F0C03253}
	EndGlobalSection
EndGlobal
